// !$*UTF8*$!
{
	archiveVersion = 1;
	classes = {
	};
	objectVersion = 46;
	objects = {

/* Begin PBXBuildFile section */
		FF1C985F1D36185300EFA445 /* Meal.swift in Sources */ = {isa = PBXBuildFile; fileRef = FF1C985E1D36185300EFA445 /* Meal.swift */; };
		FF1C98601D36185300EFA445 /* Meal.swift in Sources */ = {isa = PBXBuildFile; fileRef = FF1C985E1D36185300EFA445 /* Meal.swift */; };
		FF533B981D30184A0006A906 /* AppDelegate.swift in Sources */ = {isa = PBXBuildFile; fileRef = FF533B971D30184A0006A906 /* AppDelegate.swift */; };
		FF533B9D1D30184A0006A906 /* Main.storyboard in Resources */ = {isa = PBXBuildFile; fileRef = FF533B9B1D30184A0006A906 /* Main.storyboard */; };
		FF533B9F1D30184A0006A906 /* Assets.xcassets in Resources */ = {isa = PBXBuildFile; fileRef = FF533B9E1D30184A0006A906 /* Assets.xcassets */; };
		FF533BA21D30184A0006A906 /* LaunchScreen.storyboard in Resources */ = {isa = PBXBuildFile; fileRef = FF533BA01D30184A0006A906 /* LaunchScreen.storyboard */; };
		FF533BAD1D30184A0006A906 /* FoodTracker2Tests.swift in Sources */ = {isa = PBXBuildFile; fileRef = FF533BAC1D30184A0006A906 /* FoodTracker2Tests.swift */; };
		FF84B1101D37606100568B3A /* MealTableViewCell.swift in Sources */ = {isa = PBXBuildFile; fileRef = FF84B10F1D37606100568B3A /* MealTableViewCell.swift */; };
		FF84B1121D37739C00568B3A /* MealTableViewController.swift in Sources */ = {isa = PBXBuildFile; fileRef = FF84B1111D37739C00568B3A /* MealTableViewController.swift */; };
		FFE595BC1D342BE6003C14DB /* MealViewController.swift in Sources */ = {isa = PBXBuildFile; fileRef = FF533B991D30184A0006A906 /* MealViewController.swift */; };
		FFE595BE1D3486B9003C14DB /* RatingControl.swift in Sources */ = {isa = PBXBuildFile; fileRef = FFE595BD1D3486B9003C14DB /* RatingControl.swift */; };
/* End PBXBuildFile section */

/* Begin PBXContainerItemProxy section */
		FF533BA91D30184A0006A906 /* PBXContainerItemProxy */ = {
			isa = PBXContainerItemProxy;
			containerPortal = FF533B8C1D30184A0006A906 /* Project object */;
			proxyType = 1;
			remoteGlobalIDString = FF533B931D30184A0006A906;
			remoteInfo = FoodTracker2;
		};
/* End PBXContainerItemProxy section */

/* Begin PBXFileReference section */
		FF1C985E1D36185300EFA445 /* Meal.swift */ = {isa = PBXFileReference; fileEncoding = 4; lastKnownFileType = sourcecode.swift; path = Meal.swift; sourceTree = "<group>"; };
		FF533B941D30184A0006A906 /* FoodTracker2.app */ = {isa = PBXFileReference; explicitFileType = wrapper.application; includeInIndex = 0; path = FoodTracker2.app; sourceTree = BUILT_PRODUCTS_DIR; };
		FF533B971D30184A0006A906 /* AppDelegate.swift */ = {isa = PBXFileReference; lastKnownFileType = sourcecode.swift; path = AppDelegate.swift; sourceTree = "<group>"; };
		FF533B991D30184A0006A906 /* MealViewController.swift */ = {isa = PBXFileReference; lastKnownFileType = sourcecode.swift; path = MealViewController.swift; sourceTree = "<group>"; };
		FF533B9C1D30184A0006A906 /* Base */ = {isa = PBXFileReference; lastKnownFileType = file.storyboard; name = Base; path = Base.lproj/Main.storyboard; sourceTree = "<group>"; };
		FF533B9E1D30184A0006A906 /* Assets.xcassets */ = {isa = PBXFileReference; lastKnownFileType = folder.assetcatalog; path = Assets.xcassets; sourceTree = "<group>"; };
		FF533BA11D30184A0006A906 /* Base */ = {isa = PBXFileReference; lastKnownFileType = file.storyboard; name = Base; path = Base.lproj/LaunchScreen.storyboard; sourceTree = "<group>"; };
		FF533BA31D30184A0006A906 /* Info.plist */ = {isa = PBXFileReference; lastKnownFileType = text.plist.xml; path = Info.plist; sourceTree = "<group>"; };
		FF533BA81D30184A0006A906 /* FoodTracker2Tests.xctest */ = {isa = PBXFileReference; explicitFileType = wrapper.cfbundle; includeInIndex = 0; path = FoodTracker2Tests.xctest; sourceTree = BUILT_PRODUCTS_DIR; };
		FF533BAC1D30184A0006A906 /* FoodTracker2Tests.swift */ = {isa = PBXFileReference; lastKnownFileType = sourcecode.swift; path = FoodTracker2Tests.swift; sourceTree = "<group>"; };
		FF533BAE1D30184A0006A906 /* Info.plist */ = {isa = PBXFileReference; lastKnownFileType = text.plist.xml; path = Info.plist; sourceTree = "<group>"; };
		FF84B10F1D37606100568B3A /* MealTableViewCell.swift */ = {isa = PBXFileReference; fileEncoding = 4; lastKnownFileType = sourcecode.swift; path = MealTableViewCell.swift; sourceTree = "<group>"; };
		FF84B1111D37739C00568B3A /* MealTableViewController.swift */ = {isa = PBXFileReference; fileEncoding = 4; lastKnownFileType = sourcecode.swift; path = MealTableViewController.swift; sourceTree = "<group>"; };
		FFE595BD1D3486B9003C14DB /* RatingControl.swift */ = {isa = PBXFileReference; fileEncoding = 4; lastKnownFileType = sourcecode.swift; name = RatingControl.swift; path = ../RatingControl.swift; sourceTree = "<group>"; };
/* End PBXFileReference section */

/* Begin PBXFrameworksBuildPhase section */
		FF533B911D30184A0006A906 /* Frameworks */ = {
			isa = PBXFrameworksBuildPhase;
			buildActionMask = 2147483647;
			files = (
			);
			runOnlyForDeploymentPostprocessing = 0;
		};
		FF533BA51D30184A0006A906 /* Frameworks */ = {
			isa = PBXFrameworksBuildPhase;
			buildActionMask = 2147483647;
			files = (
			);
			runOnlyForDeploymentPostprocessing = 0;
		};
/* End PBXFrameworksBuildPhase section */

/* Begin PBXGroup section */
		FF533B8B1D30184A0006A906 = {
			isa = PBXGroup;
			children = (
				FF533B961D30184A0006A906 /* FoodTracker2 */,
				FF533BAB1D30184A0006A906 /* FoodTracker2Tests */,
				FF533B951D30184A0006A906 /* Products */,
			);
			sourceTree = "<group>";
		};
		FF533B951D30184A0006A906 /* Products */ = {
			isa = PBXGroup;
			children = (
				FF533B941D30184A0006A906 /* FoodTracker2.app */,
				FF533BA81D30184A0006A906 /* FoodTracker2Tests.xctest */,
			);
			name = Products;
			sourceTree = "<group>";
		};
		FF533B961D30184A0006A906 /* FoodTracker2 */ = {
			isa = PBXGroup;
			children = (
				FFE595BD1D3486B9003C14DB /* RatingControl.swift */,
				FF533B971D30184A0006A906 /* AppDelegate.swift */,
				FF533B991D30184A0006A906 /* MealViewController.swift */,
				FF533B9B1D30184A0006A906 /* Main.storyboard */,
				FF84B1111D37739C00568B3A /* MealTableViewController.swift */,
				FF84B10F1D37606100568B3A /* MealTableViewCell.swift */,
				FF533B9E1D30184A0006A906 /* Assets.xcassets */,
				FF533BA01D30184A0006A906 /* LaunchScreen.storyboard */,
				FF533BA31D30184A0006A906 /* Info.plist */,
				FF1C985E1D36185300EFA445 /* Meal.swift */,
			);
			path = FoodTracker2;
			sourceTree = "<group>";
		};
		FF533BAB1D30184A0006A906 /* FoodTracker2Tests */ = {
			isa = PBXGroup;
			children = (
				FF533BAC1D30184A0006A906 /* FoodTracker2Tests.swift */,
				FF533BAE1D30184A0006A906 /* Info.plist */,
			);
			path = FoodTracker2Tests;
			sourceTree = "<group>";
		};
/* End PBXGroup section */

/* Begin PBXNativeTarget section */
		FF533B931D30184A0006A906 /* FoodTracker2 */ = {
			isa = PBXNativeTarget;
			buildConfigurationList = FF533BB11D30184A0006A906 /* Build configuration list for PBXNativeTarget "FoodTracker2" */;
			buildPhases = (
				FF533B901D30184A0006A906 /* Sources */,
				FF533B911D30184A0006A906 /* Frameworks */,
				FF533B921D30184A0006A906 /* Resources */,
			);
			buildRules = (
			);
			dependencies = (
			);
			name = FoodTracker2;
			productName = FoodTracker2;
			productReference = FF533B941D30184A0006A906 /* FoodTracker2.app */;
			productType = "com.apple.product-type.application";
		};
		FF533BA71D30184A0006A906 /* FoodTracker2Tests */ = {
			isa = PBXNativeTarget;
			buildConfigurationList = FF533BB41D30184A0006A906 /* Build configuration list for PBXNativeTarget "FoodTracker2Tests" */;
			buildPhases = (
				FF533BA41D30184A0006A906 /* Sources */,
				FF533BA51D30184A0006A906 /* Frameworks */,
				FF533BA61D30184A0006A906 /* Resources */,
			);
			buildRules = (
			);
			dependencies = (
				FF533BAA1D30184A0006A906 /* PBXTargetDependency */,
			);
			name = FoodTracker2Tests;
			productName = FoodTracker2Tests;
			productReference = FF533BA81D30184A0006A906 /* FoodTracker2Tests.xctest */;
			productType = "com.apple.product-type.bundle.unit-test";
		};
/* End PBXNativeTarget section */

/* Begin PBXProject section */
		FF533B8C1D30184A0006A906 /* Project object */ = {
			isa = PBXProject;
			attributes = {
				LastSwiftUpdateCheck = 0730;
				LastUpgradeCheck = 0730;
				ORGANIZATIONNAME = Madai;
				TargetAttributes = {
					FF533B931D30184A0006A906 = {
						CreatedOnToolsVersion = 7.3.1;
					};
					FF533BA71D30184A0006A906 = {
						CreatedOnToolsVersion = 7.3.1;
						TestTargetID = FF533B931D30184A0006A906;
					};
				};
			};
			buildConfigurationList = FF533B8F1D30184A0006A906 /* Build configuration list for PBXProject "FoodTracker2" */;
			compatibilityVersion = "Xcode 3.2";
			developmentRegion = English;
			hasScannedForEncodings = 0;
			knownRegions = (
				en,
				Base,
			);
			mainGroup = FF533B8B1D30184A0006A906;
			productRefGroup = FF533B951D30184A0006A906 /* Products */;
			projectDirPath = "";
			projectRoot = "";
			targets = (
				FF533B931D30184A0006A906 /* FoodTracker2 */,
				FF533BA71D30184A0006A906 /* FoodTracker2Tests */,
			);
		};
/* End PBXProject section */

/* Begin PBXResourcesBuildPhase section */
		FF533B921D30184A0006A906 /* Resources */ = {
			isa = PBXResourcesBuildPhase;
			buildActionMask = 2147483647;
			files = (
				FF533BA21D30184A0006A906 /* LaunchScreen.storyboard in Resources */,
				FF533B9F1D30184A0006A906 /* Assets.xcassets in Resources */,
				FF533B9D1D30184A0006A906 /* Main.storyboard in Resources */,
			);
			runOnlyForDeploymentPostprocessing = 0;
		};
		FF533BA61D30184A0006A906 /* Resources */ = {
			isa = PBXResourcesBuildPhase;
			buildActionMask = 2147483647;
			files = (
			);
			runOnlyForDeploymentPostprocessing = 0;
		};
/* End PBXResourcesBuildPhase section */

/* Begin PBXSourcesBuildPhase section */
		FF533B901D30184A0006A906 /* Sources */ = {
			isa = PBXSourcesBuildPhase;
			buildActionMask = 2147483647;
			files = (
				FF1C985F1D36185300EFA445 /* Meal.swift in Sources */,
				FFE595BC1D342BE6003C14DB /* MealViewController.swift in Sources */,
				FFE595BE1D3486B9003C14DB /* RatingControl.swift in Sources */,
				FF533B981D30184A0006A906 /* AppDelegate.swift in Sources */,
				FF84B1121D37739C00568B3A /* MealTableViewController.swift in Sources */,
				FF84B1101D37606100568B3A /* MealTableViewCell.swift in Sources */,
			);
			runOnlyForDeploymentPostprocessing = 0;
		};
		FF533BA41D30184A0006A906 /* Sources */ = {
			isa = PBXSourcesBuildPhase;
			buildActionMask = 2147483647;
			files = (
				FF1C98601D36185300EFA445 /* Meal.swift in Sources */,
				FF533BAD1D30184A0006A906 /* FoodTracker2Tests.swift in Sources */,
			);
			runOnlyForDeploymentPostprocessing = 0;
		};
/* End PBXSourcesBuildPhase section */

/* Begin PBXTargetDependency section */
		FF533BAA1D30184A0006A906 /* PBXTargetDependency */ = {
			isa = PBXTargetDependency;
			target = FF533B931D30184A0006A906 /* FoodTracker2 */;
			targetProxy = FF533BA91D30184A0006A906 /* PBXContainerItemProxy */;
		};
/* End PBXTargetDependency section */

/* Begin PBXVariantGroup section */
		FF533B9B1D30184A0006A906 /* Main.storyboard */ = {
			isa = PBXVariantGroup;
			children = (
				FF533B9C1D30184A0006A906 /* Base */,
			);
			name = Main.storyboard;
			sourceTree = "<group>";
		};
		FF533BA01D30184A0006A906 /* LaunchScreen.storyboard */ = {
			isa = PBXVariantGroup;
			children = (
				FF533BA11D30184A0006A906 /* Base */,
			);
			name = LaunchScreen.storyboard;
			sourceTree = "<group>";
		};
/* End PBXVariantGroup section */

/* Begin XCBuildConfiguration section */
		FF533BAF1D30184A0006A906 /* Debug */ = {
			isa = XCBuildConfiguration;
			buildSettings = {
				ALWAYS_SEARCH_USER_PATHS = NO;
				CLANG_ANALYZER_NONNULL = YES;
				CLANG_CXX_LANGUAGE_STANDARD = "gnu++0x";
				CLANG_CXX_LIBRARY = "libc++";
				CLANG_ENABLE_MODULES = YES;
				CLANG_ENABLE_OBJC_ARC = YES;
				CLANG_WARN_BOOL_CONVERSION = YES;
				CLANG_WARN_CONSTANT_CONVERSION = YES;
				CLANG_WARN_DIRECT_OBJC_ISA_USAGE = YES_ERROR;
				CLANG_WARN_EMPTY_BODY = YES;
				CLANG_WARN_ENUM_CONVERSION = YES;
				CLANG_WARN_INT_CONVERSION = YES;
				CLANG_WARN_OBJC_ROOT_CLASS = YES_ERROR;
				CLANG_WARN_UNREACHABLE_CODE = YES;
				CLANG_WARN__DUPLICATE_METHOD_MATCH = YES;
				"CODE_SIGN_IDENTITY[sdk=iphoneos*]" = "iPhone Developer";
				COPY_PHASE_STRIP = NO;
				DEBUG_INFORMATION_FORMAT = dwarf;
				ENABLE_STRICT_OBJC_MSGSEND = YES;
				ENABLE_TESTABILITY = YES;
				GCC_C_LANGUAGE_STANDARD = gnu99;
				GCC_DYNAMIC_NO_PIC = NO;
				GCC_NO_COMMON_BLOCKS = YES;
				GCC_OPTIMIZATION_LEVEL = 0;
				GCC_PREPROCESSOR_DEFINITIONS = (
					"DEBUG=1",
					"$(inherited)",
				);
				GCC_WARN_64_TO_32_BIT_CONVERSION = YES;
				GCC_WARN_ABOUT_RETURN_TYPE = YES_ERROR;
				GCC_WARN_UNDECLARED_SELECTOR = YES;
				GCC_WARN_UNINITIALIZED_AUTOS = YES_AGGRESSIVE;
				GCC_WARN_UNUSED_FUNCTION = YES;
				GCC_WARN_UNUSED_VARIABLE = YES;
				IPHONEOS_DEPLOYMENT_TARGET = 9.3;
				MTL_ENABLE_DEBUG_INFO = YES;
				ONLY_ACTIVE_ARCH = YES;
				SDKROOT = iphoneos;
				SWIFT_OPTIMIZATION_LEVEL = "-Onone";
				TARGETED_DEVICE_FAMILY = "1,2";
			};
			name = Debug;
		};
		FF533BB01D30184A0006A906 /* Release */ = {
			isa = XCBuildConfiguration;
			buildSettings = {
				ALWAYS_SEARCH_USER_PATHS = NO;
				CLANG_ANALYZER_NONNULL = YES;
				CLANG_CXX_LANGUAGE_STANDARD = "gnu++0x";
				CLANG_CXX_LIBRARY = "libc++";
				CLANG_ENABLE_MODULES = YES;
				CLANG_ENABLE_OBJC_ARC = YES;
				CLANG_WARN_BOOL_CONVERSION = YES;
				CLANG_WARN_CONSTANT_CONVERSION = YES;
				CLANG_WARN_DIRECT_OBJC_ISA_USAGE = YES_ERROR;
				CLANG_WARN_EMPTY_BODY = YES;
				CLANG_WARN_ENUM_CONVERSION = YES;
				CLANG_WARN_INT_CONVERSION = YES;
				CLANG_WARN_OBJC_ROOT_CLASS = YES_ERROR;
				CLANG_WARN_UNREACHABLE_CODE = YES;
				CLANG_WARN__DUPLICATE_METHOD_MATCH = YES;
				"CODE_SIGN_IDENTITY[sdk=iphoneos*]" = "iPhone Developer";
				COPY_PHASE_STRIP = NO;
				DEBUG_INFORMATION_FORMAT = "dwarf-with-dsym";
				ENABLE_NS_ASSERTIONS = NO;
				ENABLE_STRICT_OBJC_MSGSEND = YES;
				GCC_C_LANGUAGE_STANDARD = gnu99;
				GCC_NO_COMMON_BLOCKS = YES;
				GCC_WARN_64_TO_32_BIT_CONVERSION = YES;
				GCC_WARN_ABOUT_RETURN_TYPE = YES_ERROR;
				GCC_WARN_UNDECLARED_SELECTOR = YES;
				GCC_WARN_UNINITIALIZED_AUTOS = YES_AGGRESSIVE;
				GCC_WARN_UNUSED_FUNCTION = YES;
				GCC_WARN_UNUSED_VARIABLE = YES;
				IPHONEOS_DEPLOYMENT_TARGET = 9.3;
				MTL_ENABLE_DEBUG_INFO = NO;
				SDKROOT = iphoneos;
				TARGETED_DEVICE_FAMILY = "1,2";
				VALIDATE_PRODUCT = YES;
			};
			name = Release;
		};
		FF533BB21D30184A0006A906 /* Debug */ = {
			isa = XCBuildConfiguration;
			buildSettings = {
				ASSETCATALOG_COMPILER_APPICON_NAME = AppIcon;
				INFOPLIST_FILE = FoodTracker2/Info.plist;
				LD_RUNPATH_SEARCH_PATHS = "$(inherited) @executable_path/Frameworks";
				PRODUCT_BUNDLE_IDENTIFIER = com.example.FoodTracker2;
				PRODUCT_NAME = "$(TARGET_NAME)";
			};
			name = Debug;
		};
		FF533BB31D30184A0006A906 /* Release */ = {
			isa = XCBuildConfiguration;
			buildSettings = {
				ASSETCATALOG_COMPILER_APPICON_NAME = AppIcon;
				INFOPLIST_FILE = FoodTracker2/Info.plist;
				LD_RUNPATH_SEARCH_PATHS = "$(inherited) @executable_path/Frameworks";
				PRODUCT_BUNDLE_IDENTIFIER = com.example.FoodTracker2;
				PRODUCT_NAME = "$(TARGET_NAME)";
			};
			name = Release;
		};
		FF533BB51D30184A0006A906 /* Debug */ = {
			isa = XCBuildConfiguration;
			buildSettings = {
				BUNDLE_LOADER = "$(TEST_HOST)";
				INFOPLIST_FILE = FoodTracker2Tests/Info.plist;
				LD_RUNPATH_SEARCH_PATHS = "$(inherited) @executable_path/Frameworks @loader_path/Frameworks";
				PRODUCT_BUNDLE_IDENTIFIER = com.example.FoodTracker2Tests;
				PRODUCT_NAME = "$(TARGET_NAME)";
				TEST_HOST = "$(BUILT_PRODUCTS_DIR)/FoodTracker2.app/FoodTracker2";
			};
			name = Debug;
		};
		FF533BB61D30184A0006A906 /* Release */ = {
			isa = XCBuildConfiguration;
			buildSettings = {
				BUNDLE_LOADER = "$(TEST_HOST)";
				INFOPLIST_FILE = FoodTracker2Tests/Info.plist;
				LD_RUNPATH_SEARCH_PATHS = "$(inherited) @executable_path/Frameworks @loader_path/Frameworks";
				PRODUCT_BUNDLE_IDENTIFIER = com.example.FoodTracker2Tests;
				PRODUCT_NAME = "$(TARGET_NAME)";
				TEST_HOST = "$(BUILT_PRODUCTS_DIR)/FoodTracker2.app/FoodTracker2";
			};
			name = Release;
		};
/* End XCBuildConfiguration section */

/* Begin XCConfigurationList section */
		FF533B8F1D30184A0006A906 /* Build configuration list for PBXProject "FoodTracker2" */ = {
			isa = XCConfigurationList;
			buildConfigurations = (
				FF533BAF1D30184A0006A906 /* Debug */,
				FF533BB01D30184A0006A906 /* Release */,
			);
			defaultConfigurationIsVisible = 0;
			defaultConfigurationName = Release;
		};
		FF533BB11D30184A0006A906 /* Build configuration list for PBXNativeTarget "FoodTracker2" */ = {
			isa = XCConfigurationList;
			buildConfigurations = (
				FF533BB21D30184A0006A906 /* Debug */,
				FF533BB31D30184A0006A906 /* Release */,
			);
			defaultConfigurationIsVisible = 0;
			defaultConfigurationName = Release;
		};
		FF533BB41D30184A0006A906 /* Build configuration list for PBXNativeTarget "FoodTracker2Tests" */ = {
			isa = XCConfigurationList;
			buildConfigurations = (
				FF533BB51D30184A0006A906 /* Debug */,
				FF533BB61D30184A0006A906 /* Release */,
			);
			defaultConfigurationIsVisible = 0;
			defaultConfigurationName = Release;
		};
/* End XCConfigurationList section */
	};
	rootObject = FF533B8C1D30184A0006A906 /* Project object */;
}
